// !$*UTF8*$!
{
	archiveVersion = 1;
	classes = {
	};
	objectVersion = 46;
	objects = {

/* Begin PBXBuildFile section */
		395A8C981EB746C100A91DF7 /* GeofenceService.swift in Sources */ = {isa = PBXBuildFile; fileRef = 395A8C971EB746C100A91DF7 /* GeofenceService.swift */; };
		397903551EAA06C0009D0FE0 /* AppDelegate.swift in Sources */ = {isa = PBXBuildFile; fileRef = 397903541EAA06C0009D0FE0 /* AppDelegate.swift */; };
		3979035A1EAA06C0009D0FE0 /* Main.storyboard in Resources */ = {isa = PBXBuildFile; fileRef = 397903581EAA06C0009D0FE0 /* Main.storyboard */; };
		3979035D1EAA06C0009D0FE0 /* geoman.xcdatamodeld in Sources */ = {isa = PBXBuildFile; fileRef = 3979035B1EAA06C0009D0FE0 /* geoman.xcdatamodeld */; };
		3979035F1EAA06C0009D0FE0 /* Assets.xcassets in Resources */ = {isa = PBXBuildFile; fileRef = 3979035E1EAA06C0009D0FE0 /* Assets.xcassets */; };
		397903621EAA06C0009D0FE0 /* LaunchScreen.storyboard in Resources */ = {isa = PBXBuildFile; fileRef = 397903601EAA06C0009D0FE0 /* LaunchScreen.storyboard */; };
		3979036D1EAA06C0009D0FE0 /* geomanTests.swift in Sources */ = {isa = PBXBuildFile; fileRef = 3979036C1EAA06C0009D0FE0 /* geomanTests.swift */; };
		397903781EAA06C0009D0FE0 /* geomanUITests.swift in Sources */ = {isa = PBXBuildFile; fileRef = 397903771EAA06C0009D0FE0 /* geomanUITests.swift */; };
		397903861EAA2684009D0FE0 /* MainController.swift in Sources */ = {isa = PBXBuildFile; fileRef = 397903851EAA2684009D0FE0 /* MainController.swift */; };
		397903881EAA27FE009D0FE0 /* CreateGeofenceController.swift in Sources */ = {isa = PBXBuildFile; fileRef = 397903871EAA27FE009D0FE0 /* CreateGeofenceController.swift */; };
		39E69D7A1EB366B1002949C2 /* MapCircle.swift in Sources */ = {isa = PBXBuildFile; fileRef = 39E69D791EB366B1002949C2 /* MapCircle.swift */; };
		39E69D7F1EB38EAD002949C2 /* Geofence.swift in Sources */ = {isa = PBXBuildFile; fileRef = 39E69D7E1EB38EAD002949C2 /* Geofence.swift */; };
		95F76E241EB244B1005BA590 /* SLDeparture.swift in Sources */ = {isa = PBXBuildFile; fileRef = 95F76E231EB244B1005BA590 /* SLDeparture.swift */; };
/* End PBXBuildFile section */

/* Begin PBXContainerItemProxy section */
		397903691EAA06C0009D0FE0 /* PBXContainerItemProxy */ = {
			isa = PBXContainerItemProxy;
			containerPortal = 397903491EAA06C0009D0FE0 /* Project object */;
			proxyType = 1;
			remoteGlobalIDString = 397903501EAA06C0009D0FE0;
			remoteInfo = geoman;
		};
		397903741EAA06C0009D0FE0 /* PBXContainerItemProxy */ = {
			isa = PBXContainerItemProxy;
			containerPortal = 397903491EAA06C0009D0FE0 /* Project object */;
			proxyType = 1;
			remoteGlobalIDString = 397903501EAA06C0009D0FE0;
			remoteInfo = geoman;
		};
/* End PBXContainerItemProxy section */

/* Begin PBXFileReference section */
		395A8C971EB746C100A91DF7 /* GeofenceService.swift */ = {isa = PBXFileReference; fileEncoding = 4; lastKnownFileType = sourcecode.swift; path = GeofenceService.swift; sourceTree = "<group>"; };
		397903511EAA06C0009D0FE0 /* geoman.app */ = {isa = PBXFileReference; explicitFileType = wrapper.application; includeInIndex = 0; path = geoman.app; sourceTree = BUILT_PRODUCTS_DIR; };
		397903541EAA06C0009D0FE0 /* AppDelegate.swift */ = {isa = PBXFileReference; lastKnownFileType = sourcecode.swift; path = AppDelegate.swift; sourceTree = "<group>"; };
		397903591EAA06C0009D0FE0 /* Base */ = {isa = PBXFileReference; lastKnownFileType = file.storyboard; name = Base; path = Base.lproj/Main.storyboard; sourceTree = "<group>"; };
		3979035C1EAA06C0009D0FE0 /* geoman.xcdatamodel */ = {isa = PBXFileReference; lastKnownFileType = wrapper.xcdatamodel; path = geoman.xcdatamodel; sourceTree = "<group>"; };
		3979035E1EAA06C0009D0FE0 /* Assets.xcassets */ = {isa = PBXFileReference; lastKnownFileType = folder.assetcatalog; path = Assets.xcassets; sourceTree = "<group>"; };
		397903611EAA06C0009D0FE0 /* Base */ = {isa = PBXFileReference; lastKnownFileType = file.storyboard; name = Base; path = Base.lproj/LaunchScreen.storyboard; sourceTree = "<group>"; };
		397903631EAA06C0009D0FE0 /* Info.plist */ = {isa = PBXFileReference; lastKnownFileType = text.plist.xml; path = Info.plist; sourceTree = "<group>"; };
		397903681EAA06C0009D0FE0 /* geomanTests.xctest */ = {isa = PBXFileReference; explicitFileType = wrapper.cfbundle; includeInIndex = 0; path = geomanTests.xctest; sourceTree = BUILT_PRODUCTS_DIR; };
		3979036C1EAA06C0009D0FE0 /* geomanTests.swift */ = {isa = PBXFileReference; lastKnownFileType = sourcecode.swift; path = geomanTests.swift; sourceTree = "<group>"; };
		3979036E1EAA06C0009D0FE0 /* Info.plist */ = {isa = PBXFileReference; lastKnownFileType = text.plist.xml; path = Info.plist; sourceTree = "<group>"; };
		397903731EAA06C0009D0FE0 /* geomanUITests.xctest */ = {isa = PBXFileReference; explicitFileType = wrapper.cfbundle; includeInIndex = 0; path = geomanUITests.xctest; sourceTree = BUILT_PRODUCTS_DIR; };
		397903771EAA06C0009D0FE0 /* geomanUITests.swift */ = {isa = PBXFileReference; lastKnownFileType = sourcecode.swift; path = geomanUITests.swift; sourceTree = "<group>"; };
		397903791EAA06C0009D0FE0 /* Info.plist */ = {isa = PBXFileReference; lastKnownFileType = text.plist.xml; path = Info.plist; sourceTree = "<group>"; };
		397903851EAA2684009D0FE0 /* MainController.swift */ = {isa = PBXFileReference; fileEncoding = 4; lastKnownFileType = sourcecode.swift; path = MainController.swift; sourceTree = "<group>"; };
		397903871EAA27FE009D0FE0 /* CreateGeofenceController.swift */ = {isa = PBXFileReference; fileEncoding = 4; lastKnownFileType = sourcecode.swift; path = CreateGeofenceController.swift; sourceTree = "<group>"; };
		39E69D791EB366B1002949C2 /* MapCircle.swift */ = {isa = PBXFileReference; fileEncoding = 4; lastKnownFileType = sourcecode.swift; path = MapCircle.swift; sourceTree = "<group>"; };
		39E69D7E1EB38EAD002949C2 /* Geofence.swift */ = {isa = PBXFileReference; fileEncoding = 4; lastKnownFileType = sourcecode.swift; path = Geofence.swift; sourceTree = "<group>"; };
		95F76E231EB244B1005BA590 /* SLDeparture.swift */ = {isa = PBXFileReference; fileEncoding = 4; lastKnownFileType = sourcecode.swift; path = SLDeparture.swift; sourceTree = "<group>"; };
/* End PBXFileReference section */

/* Begin PBXFrameworksBuildPhase section */
		3979034E1EAA06C0009D0FE0 /* Frameworks */ = {
			isa = PBXFrameworksBuildPhase;
			buildActionMask = 2147483647;
			files = (
			);
			runOnlyForDeploymentPostprocessing = 0;
		};
		397903651EAA06C0009D0FE0 /* Frameworks */ = {
			isa = PBXFrameworksBuildPhase;
			buildActionMask = 2147483647;
			files = (
			);
			runOnlyForDeploymentPostprocessing = 0;
		};
		397903701EAA06C0009D0FE0 /* Frameworks */ = {
			isa = PBXFrameworksBuildPhase;
			buildActionMask = 2147483647;
			files = (
			);
			runOnlyForDeploymentPostprocessing = 0;
		};
/* End PBXFrameworksBuildPhase section */

/* Begin PBXGroup section */
		397903481EAA06C0009D0FE0 = {
			isa = PBXGroup;
			children = (
				397903531EAA06C0009D0FE0 /* geoman */,
				3979036B1EAA06C0009D0FE0 /* geomanTests */,
				397903761EAA06C0009D0FE0 /* geomanUITests */,
				397903521EAA06C0009D0FE0 /* Products */,
			);
			sourceTree = "<group>";
		};
		397903521EAA06C0009D0FE0 /* Products */ = {
			isa = PBXGroup;
			children = (
				397903511EAA06C0009D0FE0 /* geoman.app */,
				397903681EAA06C0009D0FE0 /* geomanTests.xctest */,
				397903731EAA06C0009D0FE0 /* geomanUITests.xctest */,
			);
			name = Products;
			sourceTree = "<group>";
		};
		397903531EAA06C0009D0FE0 /* geoman */ = {
			isa = PBXGroup;
			children = (
				95F76E221EB24472005BA590 /* Model */,
				397903541EAA06C0009D0FE0 /* AppDelegate.swift */,
				39E69D7C1EB38DA0002949C2 /* Storyboards */,
				3979035E1EAA06C0009D0FE0 /* Assets.xcassets */,
				397903631EAA06C0009D0FE0 /* Info.plist */,
				3979035B1EAA06C0009D0FE0 /* geoman.xcdatamodeld */,
				39E69D7B1EB38D37002949C2 /* Map overlays */,
				39E69D7D1EB38DBC002949C2 /* Controllers */,
			);
			path = geoman;
			sourceTree = "<group>";
		};
		3979036B1EAA06C0009D0FE0 /* geomanTests */ = {
			isa = PBXGroup;
			children = (
				3979036C1EAA06C0009D0FE0 /* geomanTests.swift */,
				3979036E1EAA06C0009D0FE0 /* Info.plist */,
			);
			path = geomanTests;
			sourceTree = "<group>";
		};
		397903761EAA06C0009D0FE0 /* geomanUITests */ = {
			isa = PBXGroup;
			children = (
				397903771EAA06C0009D0FE0 /* geomanUITests.swift */,
				397903791EAA06C0009D0FE0 /* Info.plist */,
			);
			path = geomanUITests;
			sourceTree = "<group>";
		};
		39E69D7B1EB38D37002949C2 /* Map overlays */ = {
			isa = PBXGroup;
			children = (
				39E69D791EB366B1002949C2 /* MapCircle.swift */,
			);
			name = "Map overlays";
			sourceTree = "<group>";
		};
		39E69D7C1EB38DA0002949C2 /* Storyboards */ = {
			isa = PBXGroup;
			children = (
				397903581EAA06C0009D0FE0 /* Main.storyboard */,
				397903601EAA06C0009D0FE0 /* LaunchScreen.storyboard */,
			);
			name = Storyboards;
			sourceTree = "<group>";
		};
		39E69D7D1EB38DBC002949C2 /* Controllers */ = {
			isa = PBXGroup;
			children = (
				397903851EAA2684009D0FE0 /* MainController.swift */,
				397903871EAA27FE009D0FE0 /* CreateGeofenceController.swift */,
			);
			name = Controllers;
			sourceTree = "<group>";
		};
		95F76E221EB24472005BA590 /* Model */ = {
			isa = PBXGroup;
			children = (
				95F76E231EB244B1005BA590 /* SLDeparture.swift */,
				39E69D7E1EB38EAD002949C2 /* Geofence.swift */,
				395A8C971EB746C100A91DF7 /* GeofenceService.swift */,
			);
			name = Model;
			sourceTree = "<group>";
		};
/* End PBXGroup section */

/* Begin PBXNativeTarget section */
		397903501EAA06C0009D0FE0 /* geoman */ = {
			isa = PBXNativeTarget;
			buildConfigurationList = 3979037C1EAA06C0009D0FE0 /* Build configuration list for PBXNativeTarget "geoman" */;
			buildPhases = (
				3979034D1EAA06C0009D0FE0 /* Sources */,
				3979034E1EAA06C0009D0FE0 /* Frameworks */,
				3979034F1EAA06C0009D0FE0 /* Resources */,
			);
			buildRules = (
			);
			dependencies = (
			);
			name = geoman;
			productName = geoman;
			productReference = 397903511EAA06C0009D0FE0 /* geoman.app */;
			productType = "com.apple.product-type.application";
		};
		397903671EAA06C0009D0FE0 /* geomanTests */ = {
			isa = PBXNativeTarget;
			buildConfigurationList = 3979037F1EAA06C0009D0FE0 /* Build configuration list for PBXNativeTarget "geomanTests" */;
			buildPhases = (
				397903641EAA06C0009D0FE0 /* Sources */,
				397903651EAA06C0009D0FE0 /* Frameworks */,
				397903661EAA06C0009D0FE0 /* Resources */,
			);
			buildRules = (
			);
			dependencies = (
				3979036A1EAA06C0009D0FE0 /* PBXTargetDependency */,
			);
			name = geomanTests;
			productName = geomanTests;
			productReference = 397903681EAA06C0009D0FE0 /* geomanTests.xctest */;
			productType = "com.apple.product-type.bundle.unit-test";
		};
		397903721EAA06C0009D0FE0 /* geomanUITests */ = {
			isa = PBXNativeTarget;
			buildConfigurationList = 397903821EAA06C0009D0FE0 /* Build configuration list for PBXNativeTarget "geomanUITests" */;
			buildPhases = (
				3979036F1EAA06C0009D0FE0 /* Sources */,
				397903701EAA06C0009D0FE0 /* Frameworks */,
				397903711EAA06C0009D0FE0 /* Resources */,
			);
			buildRules = (
			);
			dependencies = (
				397903751EAA06C0009D0FE0 /* PBXTargetDependency */,
			);
			name = geomanUITests;
			productName = geomanUITests;
			productReference = 397903731EAA06C0009D0FE0 /* geomanUITests.xctest */;
			productType = "com.apple.product-type.bundle.ui-testing";
		};
/* End PBXNativeTarget section */

/* Begin PBXProject section */
		397903491EAA06C0009D0FE0 /* Project object */ = {
			isa = PBXProject;
			attributes = {
				LastSwiftUpdateCheck = 0830;
				LastUpgradeCheck = 0830;
				ORGANIZATIONNAME = ttsifannar;
				TargetAttributes = {
					397903501EAA06C0009D0FE0 = {
						CreatedOnToolsVersion = 8.3.1;
						DevelopmentTeam = KPWT8GBWB7;
						ProvisioningStyle = Automatic;
					};
					397903671EAA06C0009D0FE0 = {
						CreatedOnToolsVersion = 8.3.1;
						ProvisioningStyle = Automatic;
						TestTargetID = 397903501EAA06C0009D0FE0;
					};
					397903721EAA06C0009D0FE0 = {
						CreatedOnToolsVersion = 8.3.1;
						ProvisioningStyle = Automatic;
						TestTargetID = 397903501EAA06C0009D0FE0;
					};
				};
			};
			buildConfigurationList = 3979034C1EAA06C0009D0FE0 /* Build configuration list for PBXProject "geoman" */;
			compatibilityVersion = "Xcode 3.2";
			developmentRegion = English;
			hasScannedForEncodings = 0;
			knownRegions = (
				en,
				Base,
			);
			mainGroup = 397903481EAA06C0009D0FE0;
			productRefGroup = 397903521EAA06C0009D0FE0 /* Products */;
			projectDirPath = "";
			projectRoot = "";
			targets = (
				397903501EAA06C0009D0FE0 /* geoman */,
				397903671EAA06C0009D0FE0 /* geomanTests */,
				397903721EAA06C0009D0FE0 /* geomanUITests */,
			);
		};
/* End PBXProject section */

/* Begin PBXResourcesBuildPhase section */
		3979034F1EAA06C0009D0FE0 /* Resources */ = {
			isa = PBXResourcesBuildPhase;
			buildActionMask = 2147483647;
			files = (
				397903621EAA06C0009D0FE0 /* LaunchScreen.storyboard in Resources */,
				3979035F1EAA06C0009D0FE0 /* Assets.xcassets in Resources */,
				3979035A1EAA06C0009D0FE0 /* Main.storyboard in Resources */,
			);
			runOnlyForDeploymentPostprocessing = 0;
		};
		397903661EAA06C0009D0FE0 /* Resources */ = {
			isa = PBXResourcesBuildPhase;
			buildActionMask = 2147483647;
			files = (
			);
			runOnlyForDeploymentPostprocessing = 0;
		};
		397903711EAA06C0009D0FE0 /* Resources */ = {
			isa = PBXResourcesBuildPhase;
			buildActionMask = 2147483647;
			files = (
			);
			runOnlyForDeploymentPostprocessing = 0;
		};
/* End PBXResourcesBuildPhase section */

/* Begin PBXSourcesBuildPhase section */
		3979034D1EAA06C0009D0FE0 /* Sources */ = {
			isa = PBXSourcesBuildPhase;
			buildActionMask = 2147483647;
			files = (
				397903881EAA27FE009D0FE0 /* CreateGeofenceController.swift in Sources */,
				397903861EAA2684009D0FE0 /* MainController.swift in Sources */,
				397903551EAA06C0009D0FE0 /* AppDelegate.swift in Sources */,
				39E69D7A1EB366B1002949C2 /* MapCircle.swift in Sources */,
				3979035D1EAA06C0009D0FE0 /* geoman.xcdatamodeld in Sources */,
				395A8C981EB746C100A91DF7 /* GeofenceService.swift in Sources */,
				95F76E241EB244B1005BA590 /* SLDeparture.swift in Sources */,
				39E69D7F1EB38EAD002949C2 /* Geofence.swift in Sources */,
			);
			runOnlyForDeploymentPostprocessing = 0;
		};
		397903641EAA06C0009D0FE0 /* Sources */ = {
			isa = PBXSourcesBuildPhase;
			buildActionMask = 2147483647;
			files = (
				3979036D1EAA06C0009D0FE0 /* geomanTests.swift in Sources */,
			);
			runOnlyForDeploymentPostprocessing = 0;
		};
		3979036F1EAA06C0009D0FE0 /* Sources */ = {
			isa = PBXSourcesBuildPhase;
			buildActionMask = 2147483647;
			files = (
				397903781EAA06C0009D0FE0 /* geomanUITests.swift in Sources */,
			);
			runOnlyForDeploymentPostprocessing = 0;
		};
/* End PBXSourcesBuildPhase section */

/* Begin PBXTargetDependency section */
		3979036A1EAA06C0009D0FE0 /* PBXTargetDependency */ = {
			isa = PBXTargetDependency;
			target = 397903501EAA06C0009D0FE0 /* geoman */;
			targetProxy = 397903691EAA06C0009D0FE0 /* PBXContainerItemProxy */;
		};
		397903751EAA06C0009D0FE0 /* PBXTargetDependency */ = {
			isa = PBXTargetDependency;
			target = 397903501EAA06C0009D0FE0 /* geoman */;
			targetProxy = 397903741EAA06C0009D0FE0 /* PBXContainerItemProxy */;
		};
/* End PBXTargetDependency section */

/* Begin PBXVariantGroup section */
		397903581EAA06C0009D0FE0 /* Main.storyboard */ = {
			isa = PBXVariantGroup;
			children = (
				397903591EAA06C0009D0FE0 /* Base */,
			);
			name = Main.storyboard;
			sourceTree = "<group>";
		};
		397903601EAA06C0009D0FE0 /* LaunchScreen.storyboard */ = {
			isa = PBXVariantGroup;
			children = (
				397903611EAA06C0009D0FE0 /* Base */,
			);
			name = LaunchScreen.storyboard;
			sourceTree = "<group>";
		};
/* End PBXVariantGroup section */

/* Begin XCBuildConfiguration section */
		3979037A1EAA06C0009D0FE0 /* Debug */ = {
			isa = XCBuildConfiguration;
			buildSettings = {
				ALWAYS_SEARCH_USER_PATHS = NO;
				CLANG_ANALYZER_NONNULL = YES;
				CLANG_ANALYZER_NUMBER_OBJECT_CONVERSION = YES_AGGRESSIVE;
				CLANG_CXX_LANGUAGE_STANDARD = "gnu++0x";
				CLANG_CXX_LIBRARY = "libc++";
				CLANG_ENABLE_MODULES = YES;
				CLANG_ENABLE_OBJC_ARC = YES;
				CLANG_WARN_BOOL_CONVERSION = YES;
				CLANG_WARN_CONSTANT_CONVERSION = YES;
				CLANG_WARN_DIRECT_OBJC_ISA_USAGE = YES_ERROR;
				CLANG_WARN_DOCUMENTATION_COMMENTS = YES;
				CLANG_WARN_EMPTY_BODY = YES;
				CLANG_WARN_ENUM_CONVERSION = YES;
				CLANG_WARN_INFINITE_RECURSION = YES;
				CLANG_WARN_INT_CONVERSION = YES;
				CLANG_WARN_OBJC_ROOT_CLASS = YES_ERROR;
				CLANG_WARN_SUSPICIOUS_MOVE = YES;
				CLANG_WARN_UNREACHABLE_CODE = YES;
				CLANG_WARN__DUPLICATE_METHOD_MATCH = YES;
				"CODE_SIGN_IDENTITY[sdk=iphoneos*]" = "iPhone Developer";
				COPY_PHASE_STRIP = NO;
				DEBUG_INFORMATION_FORMAT = dwarf;
				ENABLE_STRICT_OBJC_MSGSEND = YES;
				ENABLE_TESTABILITY = YES;
				GCC_C_LANGUAGE_STANDARD = gnu99;
				GCC_DYNAMIC_NO_PIC = NO;
				GCC_NO_COMMON_BLOCKS = YES;
				GCC_OPTIMIZATION_LEVEL = 0;
				GCC_PREPROCESSOR_DEFINITIONS = (
					"DEBUG=1",
					"$(inherited)",
				);
				GCC_WARN_64_TO_32_BIT_CONVERSION = YES;
				GCC_WARN_ABOUT_RETURN_TYPE = YES_ERROR;
				GCC_WARN_UNDECLARED_SELECTOR = YES;
				GCC_WARN_UNINITIALIZED_AUTOS = YES_AGGRESSIVE;
				GCC_WARN_UNUSED_FUNCTION = YES;
				GCC_WARN_UNUSED_VARIABLE = YES;
				IPHONEOS_DEPLOYMENT_TARGET = 10.3;
				MTL_ENABLE_DEBUG_INFO = YES;
				ONLY_ACTIVE_ARCH = YES;
				SDKROOT = iphoneos;
				SWIFT_ACTIVE_COMPILATION_CONDITIONS = DEBUG;
				SWIFT_OPTIMIZATION_LEVEL = "-Onone";
			};
			name = Debug;
		};
		3979037B1EAA06C0009D0FE0 /* Release */ = {
			isa = XCBuildConfiguration;
			buildSettings = {
				ALWAYS_SEARCH_USER_PATHS = NO;
				CLANG_ANALYZER_NONNULL = YES;
				CLANG_ANALYZER_NUMBER_OBJECT_CONVERSION = YES_AGGRESSIVE;
				CLANG_CXX_LANGUAGE_STANDARD = "gnu++0x";
				CLANG_CXX_LIBRARY = "libc++";
				CLANG_ENABLE_MODULES = YES;
				CLANG_ENABLE_OBJC_ARC = YES;
				CLANG_WARN_BOOL_CONVERSION = YES;
				CLANG_WARN_CONSTANT_CONVERSION = YES;
				CLANG_WARN_DIRECT_OBJC_ISA_USAGE = YES_ERROR;
				CLANG_WARN_DOCUMENTATION_COMMENTS = YES;
				CLANG_WARN_EMPTY_BODY = YES;
				CLANG_WARN_ENUM_CONVERSION = YES;
				CLANG_WARN_INFINITE_RECURSION = YES;
				CLANG_WARN_INT_CONVERSION = YES;
				CLANG_WARN_OBJC_ROOT_CLASS = YES_ERROR;
				CLANG_WARN_SUSPICIOUS_MOVE = YES;
				CLANG_WARN_UNREACHABLE_CODE = YES;
				CLANG_WARN__DUPLICATE_METHOD_MATCH = YES;
				"CODE_SIGN_IDENTITY[sdk=iphoneos*]" = "iPhone Developer";
				COPY_PHASE_STRIP = NO;
				DEBUG_INFORMATION_FORMAT = "dwarf-with-dsym";
				ENABLE_NS_ASSERTIONS = NO;
				ENABLE_STRICT_OBJC_MSGSEND = YES;
				GCC_C_LANGUAGE_STANDARD = gnu99;
				GCC_NO_COMMON_BLOCKS = YES;
				GCC_WARN_64_TO_32_BIT_CONVERSION = YES;
				GCC_WARN_ABOUT_RETURN_TYPE = YES_ERROR;
				GCC_WARN_UNDECLARED_SELECTOR = YES;
				GCC_WARN_UNINITIALIZED_AUTOS = YES_AGGRESSIVE;
				GCC_WARN_UNUSED_FUNCTION = YES;
				GCC_WARN_UNUSED_VARIABLE = YES;
				IPHONEOS_DEPLOYMENT_TARGET = 10.3;
				MTL_ENABLE_DEBUG_INFO = NO;
				SDKROOT = iphoneos;
				SWIFT_OPTIMIZATION_LEVEL = "-Owholemodule";
				VALIDATE_PRODUCT = YES;
			};
			name = Release;
		};
		3979037D1EAA06C0009D0FE0 /* Debug */ = {
			isa = XCBuildConfiguration;
			buildSettings = {
				ASSETCATALOG_COMPILER_APPICON_NAME = AppIcon;
				DEVELOPMENT_TEAM = KPWT8GBWB7;
				INFOPLIST_FILE = geoman/Info.plist;
				LD_RUNPATH_SEARCH_PATHS = "$(inherited) @executable_path/Frameworks";
				PRODUCT_BUNDLE_IDENTIFIER = com.ttsifannar.geoman;
				PRODUCT_NAME = "$(TARGET_NAME)";
				SWIFT_VERSION = 3.0;
			};
			name = Debug;
		};
		3979037E1EAA06C0009D0FE0 /* Release */ = {
			isa = XCBuildConfiguration;
			buildSettings = {
				ASSETCATALOG_COMPILER_APPICON_NAME = AppIcon;
				DEVELOPMENT_TEAM = KPWT8GBWB7;
				INFOPLIST_FILE = geoman/Info.plist;
				LD_RUNPATH_SEARCH_PATHS = "$(inherited) @executable_path/Frameworks";
				PRODUCT_BUNDLE_IDENTIFIER = com.ttsifannar.geoman;
				PRODUCT_NAME = "$(TARGET_NAME)";
				SWIFT_VERSION = 3.0;
			};
			name = Release;
		};
		397903801EAA06C0009D0FE0 /* Debug */ = {
			isa = XCBuildConfiguration;
			buildSettings = {
				ALWAYS_EMBED_SWIFT_STANDARD_LIBRARIES = YES;
				BUNDLE_LOADER = "$(TEST_HOST)";
				INFOPLIST_FILE = geomanTests/Info.plist;
				LD_RUNPATH_SEARCH_PATHS = "$(inherited) @executable_path/Frameworks @loader_path/Frameworks";
				PRODUCT_BUNDLE_IDENTIFIER = com.ttsifannar.geomanTests;
				PRODUCT_NAME = "$(TARGET_NAME)";
				SWIFT_VERSION = 3.0;
				TEST_HOST = "$(BUILT_PRODUCTS_DIR)/geoman.app/geoman";
			};
			name = Debug;
		};
		397903811EAA06C0009D0FE0 /* Release */ = {
			isa = XCBuildConfiguration;
			buildSettings = {
				ALWAYS_EMBED_SWIFT_STANDARD_LIBRARIES = YES;
				BUNDLE_LOADER = "$(TEST_HOST)";
				INFOPLIST_FILE = geomanTests/Info.plist;
				LD_RUNPATH_SEARCH_PATHS = "$(inherited) @executable_path/Frameworks @loader_path/Frameworks";
				PRODUCT_BUNDLE_IDENTIFIER = com.ttsifannar.geomanTests;
				PRODUCT_NAME = "$(TARGET_NAME)";
				SWIFT_VERSION = 3.0;
				TEST_HOST = "$(BUILT_PRODUCTS_DIR)/geoman.app/geoman";
			};
			name = Release;
		};
		397903831EAA06C0009D0FE0 /* Debug */ = {
			isa = XCBuildConfiguration;
			buildSettings = {
				ALWAYS_EMBED_SWIFT_STANDARD_LIBRARIES = YES;
				INFOPLIST_FILE = geomanUITests/Info.plist;
				LD_RUNPATH_SEARCH_PATHS = "$(inherited) @executable_path/Frameworks @loader_path/Frameworks";
				PRODUCT_BUNDLE_IDENTIFIER = com.ttsifannar.geomanUITests;
				PRODUCT_NAME = "$(TARGET_NAME)";
				SWIFT_VERSION = 3.0;
				TEST_TARGET_NAME = geoman;
			};
			name = Debug;
		};
		397903841EAA06C0009D0FE0 /* Release */ = {
			isa = XCBuildConfiguration;
			buildSettings = {
				ALWAYS_EMBED_SWIFT_STANDARD_LIBRARIES = YES;
				INFOPLIST_FILE = geomanUITests/Info.plist;
				LD_RUNPATH_SEARCH_PATHS = "$(inherited) @executable_path/Frameworks @loader_path/Frameworks";
				PRODUCT_BUNDLE_IDENTIFIER = com.ttsifannar.geomanUITests;
				PRODUCT_NAME = "$(TARGET_NAME)";
				SWIFT_VERSION = 3.0;
				TEST_TARGET_NAME = geoman;
			};
			name = Release;
		};
/* End XCBuildConfiguration section */

/* Begin XCConfigurationList section */
		3979034C1EAA06C0009D0FE0 /* Build configuration list for PBXProject "geoman" */ = {
			isa = XCConfigurationList;
			buildConfigurations = (
				3979037A1EAA06C0009D0FE0 /* Debug */,
				3979037B1EAA06C0009D0FE0 /* Release */,
			);
			defaultConfigurationIsVisible = 0;
			defaultConfigurationName = Release;
		};
		3979037C1EAA06C0009D0FE0 /* Build configuration list for PBXNativeTarget "geoman" */ = {
			isa = XCConfigurationList;
			buildConfigurations = (
				3979037D1EAA06C0009D0FE0 /* Debug */,
				3979037E1EAA06C0009D0FE0 /* Release */,
			);
			defaultConfigurationIsVisible = 0;
			defaultConfigurationName = Release;
		};
		3979037F1EAA06C0009D0FE0 /* Build configuration list for PBXNativeTarget "geomanTests" */ = {
			isa = XCConfigurationList;
			buildConfigurations = (
				397903801EAA06C0009D0FE0 /* Debug */,
				397903811EAA06C0009D0FE0 /* Release */,
			);
			defaultConfigurationIsVisible = 0;
			defaultConfigurationName = Release;
		};
		397903821EAA06C0009D0FE0 /* Build configuration list for PBXNativeTarget "geomanUITests" */ = {
			isa = XCConfigurationList;
			buildConfigurations = (
				397903831EAA06C0009D0FE0 /* Debug */,
				397903841EAA06C0009D0FE0 /* Release */,
			);
			defaultConfigurationIsVisible = 0;
			defaultConfigurationName = Release;
		};
/* End XCConfigurationList section */

/* Begin XCVersionGroup section */
		3979035B1EAA06C0009D0FE0 /* geoman.xcdatamodeld */ = {
			isa = XCVersionGroup;
			children = (
				3979035C1EAA06C0009D0FE0 /* geoman.xcdatamodel */,
			);
			currentVersion = 3979035C1EAA06C0009D0FE0 /* geoman.xcdatamodel */;
			path = geoman.xcdatamodeld;
			sourceTree = "<group>";
			versionGroupType = wrapper.xcdatamodel;
		};
/* End XCVersionGroup section */
	};
	rootObject = 397903491EAA06C0009D0FE0 /* Project object */;
}
